
Microsoft Visual Studio Solution File, Format Version 12.00
# Visual Studio 15
VisualStudioVersion = 15.0.27130.2020
MinimumVisualStudioVersion = 10.0.40219.1
Project("{FAE04EC0-301F-11D3-BF4B-00C04F79EFBC}") = "Final-project", "Final-project\Final-project.csproj", "{F826DC7F-229E-49D7-8BAA-E1417FB110FD}"
EndProject
Global
	GlobalSection(SolutionConfigurationPlatforms) = preSolution
		Debug|Any CPU = Debug|Any CPU
		Release|Any CPU = Release|Any CPU
	EndGlobalSection
	GlobalSection(ProjectConfigurationPlatforms) = postSolution
		{F826DC7F-229E-49D7-8BAA-E1417FB110FD}.Debug|Any CPU.ActiveCfg = Debug|Any CPU
		{F826DC7F-229E-49D7-8BAA-E1417FB110FD}.Debug|Any CPU.Build.0 = Debug|Any CPU
		{F826DC7F-229E-49D7-8BAA-E1417FB110FD}.Release|Any CPU.ActiveCfg = Release|Any CPU
		{F826DC7F-229E-49D7-8BAA-E1417FB110FD}.Release|Any CPU.Build.0 = Release|Any CPU
	EndGlobalSection
	GlobalSection(SolutionProperties) = preSolution
		HideSolutionNode = FALSE
	EndGlobalSection
	GlobalSection(ExtensibilityGlobals) = postSolution
		SolutionGuid = {E2E7AF6B-5654-4722-B5C8-8F4CA5D816F7}
	EndGlobalSection
EndGlobal
